
Microsoft Visual Studio Solution File, Format Version 12.00
# Visual Studio Version 17
VisualStudioVersion = 17.3.32804.467
MinimumVisualStudioVersion = 10.0.40219.1
Project("{9A19103F-16F7-4668-BE54-9A1E7A4F7556}") = "CodTrackerBlazorUI", "CodTrackerBlazorUI\CodTrackerBlazorUI.csproj", "{A2EAEA93-B832-4242-9979-B811D4835DD9}"
EndProject
Project("{FAE04EC0-301F-11D3-BF4B-00C04F79EFBC}") = "CodTrackerCore", "CodTrackerCore\CodTrackerCore.csproj", "{567B79F2-0935-4E7B-8A40-22558D9584A9}"
EndProject
Project("{FAE04EC0-301F-11D3-BF4B-00C04F79EFBC}") = "CodTrackerInfrastructure", "CodTrackerInfrastructure\CodTrackerInfrastructure.csproj", "{F25E7A0B-47C4-4064-832C-EE0DBA31AD21}"
EndProject
Global
	GlobalSection(SolutionConfigurationPlatforms) = preSolution
		Debug|Any CPU = Debug|Any CPU
		Release|Any CPU = Release|Any CPU
	EndGlobalSection
	GlobalSection(ProjectConfigurationPlatforms) = postSolution
		{A2EAEA93-B832-4242-9979-B811D4835DD9}.Debug|Any CPU.ActiveCfg = Debug|Any CPU
		{A2EAEA93-B832-4242-9979-B811D4835DD9}.Debug|Any CPU.Build.0 = Debug|Any CPU
		{A2EAEA93-B832-4242-9979-B811D4835DD9}.Release|Any CPU.ActiveCfg = Release|Any CPU
		{A2EAEA93-B832-4242-9979-B811D4835DD9}.Release|Any CPU.Build.0 = Release|Any CPU
		{567B79F2-0935-4E7B-8A40-22558D9584A9}.Debug|Any CPU.ActiveCfg = Debug|Any CPU
		{567B79F2-0935-4E7B-8A40-22558D9584A9}.Debug|Any CPU.Build.0 = Debug|Any CPU
		{567B79F2-0935-4E7B-8A40-22558D9584A9}.Release|Any CPU.ActiveCfg = Release|Any CPU
		{567B79F2-0935-4E7B-8A40-22558D9584A9}.Release|Any CPU.Build.0 = Release|Any CPU
		{F25E7A0B-47C4-4064-832C-EE0DBA31AD21}.Debug|Any CPU.ActiveCfg = Debug|Any CPU
		{F25E7A0B-47C4-4064-832C-EE0DBA31AD21}.Debug|Any CPU.Build.0 = Debug|Any CPU
		{F25E7A0B-47C4-4064-832C-EE0DBA31AD21}.Release|Any CPU.ActiveCfg = Release|Any CPU
		{F25E7A0B-47C4-4064-832C-EE0DBA31AD21}.Release|Any CPU.Build.0 = Release|Any CPU
	EndGlobalSection
	GlobalSection(SolutionProperties) = preSolution
		HideSolutionNode = FALSE
	EndGlobalSection
	GlobalSection(ExtensibilityGlobals) = postSolution
		SolutionGuid = {8BE5BCA5-302F-49D1-B8E8-E1C6E40A9034}
	EndGlobalSection
EndGlobal
